
Microsoft Visual Studio Solution File, Format Version 12.00
# Visual Studio 14
VisualStudioVersion = 14.0.25420.1
MinimumVisualStudioVersion = 10.0.40219.1
Project("{FAE04EC0-301F-11D3-BF4B-00C04F79EFBC}") = "ApplicationGererDB", "ApplicationGererDB\ApplicationGererDB.csproj", "{206D25FE-C5C9-421E-819B-3298E5570DFC}"
EndProject
Project("{FAE04EC0-301F-11D3-BF4B-00C04F79EFBC}") = "PDSGBD", "PDSGBD\PDSGBD.csproj", "{9B3289F9-8D92-41E3-ABE9-BFCFCAB37266}"
EndProject
Global
	GlobalSection(SolutionConfigurationPlatforms) = preSolution
		Debug|Any CPU = Debug|Any CPU
		Release|Any CPU = Release|Any CPU
	EndGlobalSection
	GlobalSection(ProjectConfigurationPlatforms) = postSolution
		{206D25FE-C5C9-421E-819B-3298E5570DFC}.Debug|Any CPU.ActiveCfg = Debug|Any CPU
		{206D25FE-C5C9-421E-819B-3298E5570DFC}.Debug|Any CPU.Build.0 = Debug|Any CPU
		{206D25FE-C5C9-421E-819B-3298E5570DFC}.Release|Any CPU.ActiveCfg = Release|Any CPU
		{206D25FE-C5C9-421E-819B-3298E5570DFC}.Release|Any CPU.Build.0 = Release|Any CPU
		{9B3289F9-8D92-41E3-ABE9-BFCFCAB37266}.Debug|Any CPU.ActiveCfg = Debug|Any CPU
		{9B3289F9-8D92-41E3-ABE9-BFCFCAB37266}.Debug|Any CPU.Build.0 = Debug|Any CPU
		{9B3289F9-8D92-41E3-ABE9-BFCFCAB37266}.Release|Any CPU.ActiveCfg = Release|Any CPU
		{9B3289F9-8D92-41E3-ABE9-BFCFCAB37266}.Release|Any CPU.Build.0 = Release|Any CPU
	EndGlobalSection
	GlobalSection(SolutionProperties) = preSolution
		HideSolutionNode = FALSE
	EndGlobalSection
EndGlobal
